// !$*UTF8*$!
{
	archiveVersion = 1;
	classes = {
	};
	objectVersion = 46;
	objects = {

/* Begin PBXBuildFile section */
		305CAFE81A8A6AB200378306 /* WebServiceXMLLoginParserModule.m in Sources */ = {isa = PBXBuildFile; fileRef = 305CAFE71A8A6AB200378306 /* WebServiceXMLLoginParserModule.m */; };
		42021DD71A8BBFBF004CBE5C /* Annotation.m in Sources */ = {isa = PBXBuildFile; fileRef = 42021DD61A8BBFBF004CBE5C /* Annotation.m */; };
		42021DDA1A8BD509004CBE5C /* FTHFoodMenuTableViewController.m in Sources */ = {isa = PBXBuildFile; fileRef = 42021DD91A8BD509004CBE5C /* FTHFoodMenuTableViewController.m */; };
		42021DDD1A8BD524004CBE5C /* FTHFoodDetailViewController.m in Sources */ = {isa = PBXBuildFile; fileRef = 42021DDC1A8BD524004CBE5C /* FTHFoodDetailViewController.m */; };
		427FB4EF1A85113700C8F54F /* main.m in Sources */ = {isa = PBXBuildFile; fileRef = 427FB4EE1A85113700C8F54F /* main.m */; };
		427FB4F21A85113700C8F54F /* AppDelegate.m in Sources */ = {isa = PBXBuildFile; fileRef = 427FB4F11A85113700C8F54F /* AppDelegate.m */; };
		427FB4F81A85113700C8F54F /* Main.storyboard in Resources */ = {isa = PBXBuildFile; fileRef = 427FB4F61A85113700C8F54F /* Main.storyboard */; };
		427FB4FA1A85113700C8F54F /* Images.xcassets in Resources */ = {isa = PBXBuildFile; fileRef = 427FB4F91A85113700C8F54F /* Images.xcassets */; };
		427FB4FD1A85113700C8F54F /* LaunchScreen.xib in Resources */ = {isa = PBXBuildFile; fileRef = 427FB4FB1A85113700C8F54F /* LaunchScreen.xib */; };
		427FB5091A85113700C8F54F /* FederalTapHouse2Tests.m in Sources */ = {isa = PBXBuildFile; fileRef = 427FB5081A85113700C8F54F /* FederalTapHouse2Tests.m */; };
		428BD5C11A894ACB0024D5F5 /* FTHLogInViewController.m in Sources */ = {isa = PBXBuildFile; fileRef = 428BD5C01A894ACB0024D5F5 /* FTHLogInViewController.m */; };
		42BC2E7F1A88273F00A22376 /* FTHBeerCategoryTableViewController.m in Sources */ = {isa = PBXBuildFile; fileRef = 42BC2E6B1A88273F00A22376 /* FTHBeerCategoryTableViewController.m */; };
		42BC2E801A88273F00A22376 /* FTHBeerDetailViewController.m in Sources */ = {isa = PBXBuildFile; fileRef = 42BC2E6D1A88273F00A22376 /* FTHBeerDetailViewController.m */; };
		42BC2E811A88273F00A22376 /* FTHBeerTableViewController.m in Sources */ = {isa = PBXBuildFile; fileRef = 42BC2E6F1A88273F00A22376 /* FTHBeerTableViewController.m */; };
		42BC2E821A88273F00A22376 /* FTHEventsTableViewController.m in Sources */ = {isa = PBXBuildFile; fileRef = 42BC2E711A88273F00A22376 /* FTHEventsTableViewController.m */; };
		42BC2E831A88273F00A22376 /* FTHFindTransportationViewController.m in Sources */ = {isa = PBXBuildFile; fileRef = 42BC2E731A88273F00A22376 /* FTHFindTransportationViewController.m */; };
		42BC2E851A88273F00A22376 /* FTHLiveMusicViewController.m in Sources */ = {isa = PBXBuildFile; fileRef = 42BC2E771A88273F00A22376 /* FTHLiveMusicViewController.m */; };
		42BC2E861A88273F00A22376 /* FTHOnMapViewController.m in Sources */ = {isa = PBXBuildFile; fileRef = 42BC2E791A88273F00A22376 /* FTHOnMapViewController.m */; };
		42BC2E871A88273F00A22376 /* FTHRedeemViewController.m in Sources */ = {isa = PBXBuildFile; fileRef = 42BC2E7B1A88273F00A22376 /* FTHRedeemViewController.m */; };
		42BC2E881A88273F00A22376 /* FTHRewardTableViewController.m in Sources */ = {isa = PBXBuildFile; fileRef = 42BC2E7D1A88273F00A22376 /* FTHRewardTableViewController.m */; };
		42BC2EA81A88277C00A22376 /* WebServiceConnectionModule.m in Sources */ = {isa = PBXBuildFile; fileRef = 42BC2E951A88277C00A22376 /* WebServiceConnectionModule.m */; };
		42BC2EA91A88277C00A22376 /* WebServiceXMLBeerParserModule.m in Sources */ = {isa = PBXBuildFile; fileRef = 42BC2E971A88277C00A22376 /* WebServiceXMLBeerParserModule.m */; };
		42BC2EAA1A88277C00A22376 /* BeerDictionary.m in Sources */ = {isa = PBXBuildFile; fileRef = 42BC2E9A1A88277C00A22376 /* BeerDictionary.m */; };
		42BC2EAB1A88277C00A22376 /* BeerObject.m in Sources */ = {isa = PBXBuildFile; fileRef = 42BC2E9C1A88277C00A22376 /* BeerObject.m */; };
		42BC2EAC1A88277C00A22376 /* EventObject.m in Sources */ = {isa = PBXBuildFile; fileRef = 42BC2E9E1A88277C00A22376 /* EventObject.m */; };
		42BC2EAD1A88277C00A22376 /* FoodObject.m in Sources */ = {isa = PBXBuildFile; fileRef = 42BC2EA01A88277C00A22376 /* FoodObject.m */; };
		42BC2EAE1A88277C00A22376 /* MenuDictionary.m in Sources */ = {isa = PBXBuildFile; fileRef = 42BC2EA21A88277C00A22376 /* MenuDictionary.m */; };
/* End PBXBuildFile section */

/* Begin PBXContainerItemProxy section */
		427FB5031A85113700C8F54F /* PBXContainerItemProxy */ = {
			isa = PBXContainerItemProxy;
			containerPortal = 427FB4E11A85113700C8F54F /* Project object */;
			proxyType = 1;
			remoteGlobalIDString = 427FB4E81A85113700C8F54F;
			remoteInfo = FederalTapHouse2;
		};
/* End PBXContainerItemProxy section */

/* Begin PBXFileReference section */
		305CAFE61A8A6AB200378306 /* WebServiceXMLLoginParserModule.h */ = {isa = PBXFileReference; fileEncoding = 4; lastKnownFileType = sourcecode.c.h; path = WebServiceXMLLoginParserModule.h; sourceTree = "<group>"; };
		305CAFE71A8A6AB200378306 /* WebServiceXMLLoginParserModule.m */ = {isa = PBXFileReference; fileEncoding = 4; lastKnownFileType = sourcecode.c.objc; path = WebServiceXMLLoginParserModule.m; sourceTree = "<group>"; };
		42021DD51A8BBFBF004CBE5C /* Annotation.h */ = {isa = PBXFileReference; fileEncoding = 4; lastKnownFileType = sourcecode.c.h; path = Annotation.h; sourceTree = "<group>"; };
		42021DD61A8BBFBF004CBE5C /* Annotation.m */ = {isa = PBXFileReference; fileEncoding = 4; lastKnownFileType = sourcecode.c.objc; path = Annotation.m; sourceTree = "<group>"; };
		42021DD81A8BD509004CBE5C /* FTHFoodMenuTableViewController.h */ = {isa = PBXFileReference; fileEncoding = 4; lastKnownFileType = sourcecode.c.h; path = FTHFoodMenuTableViewController.h; sourceTree = "<group>"; };
		42021DD91A8BD509004CBE5C /* FTHFoodMenuTableViewController.m */ = {isa = PBXFileReference; fileEncoding = 4; lastKnownFileType = sourcecode.c.objc; path = FTHFoodMenuTableViewController.m; sourceTree = "<group>"; };
		42021DDB1A8BD524004CBE5C /* FTHFoodDetailViewController.h */ = {isa = PBXFileReference; fileEncoding = 4; lastKnownFileType = sourcecode.c.h; path = FTHFoodDetailViewController.h; sourceTree = "<group>"; };
		42021DDC1A8BD524004CBE5C /* FTHFoodDetailViewController.m */ = {isa = PBXFileReference; fileEncoding = 4; lastKnownFileType = sourcecode.c.objc; path = FTHFoodDetailViewController.m; sourceTree = "<group>"; };
		420DDACB1A8AC175008A33D5 /* Contents.json */ = {isa = PBXFileReference; fileEncoding = 4; lastKnownFileType = text.json; path = Contents.json; sourceTree = "<group>"; };
		420DDACC1A8AC175008A33D5 /* Icon-60@2x-1.png */ = {isa = PBXFileReference; lastKnownFileType = image.png; path = "Icon-60@2x-1.png"; sourceTree = "<group>"; };
		420DDACD1A8AC175008A33D5 /* Icon-60@2x.png */ = {isa = PBXFileReference; lastKnownFileType = image.png; path = "Icon-60@2x.png"; sourceTree = "<group>"; };
		420DDACF1A8AC175008A33D5 /* back arrow.png */ = {isa = PBXFileReference; lastKnownFileType = image.png; path = "back arrow.png"; sourceTree = "<group>"; };
		420DDAD01A8AC175008A33D5 /* Contents.json */ = {isa = PBXFileReference; fileEncoding = 4; lastKnownFileType = text.json; path = Contents.json; sourceTree = "<group>"; };
		420DDAD21A8AC175008A33D5 /* Contents.json */ = {isa = PBXFileReference; fileEncoding = 4; lastKnownFileType = text.json; path = Contents.json; sourceTree = "<group>"; };
		420DDAD31A8AC175008A33D5 /* images.jpg */ = {isa = PBXFileReference; lastKnownFileType = image.jpeg; path = images.jpg; sourceTree = "<group>"; };
		420DDAD51A8AC175008A33D5 /* b9191d_26a29a19eb3809aac36b65fd84cc6545.png_srz_p_126_275_75_22_0.50_1.20_0.png */ = {isa = PBXFileReference; lastKnownFileType = image.png; path = b9191d_26a29a19eb3809aac36b65fd84cc6545.png_srz_p_126_275_75_22_0.50_1.20_0.png; sourceTree = "<group>"; };
		420DDAD61A8AC175008A33D5 /* Contents.json */ = {isa = PBXFileReference; fileEncoding = 4; lastKnownFileType = text.json; path = Contents.json; sourceTree = "<group>"; };
		420DDAD81A8AC175008A33D5 /* b9191d_51bc889ecc68b9447f90a1938b7a5685.png_srz_p_589_105_75_22_0.50_1.20_0.png */ = {isa = PBXFileReference; lastKnownFileType = image.png; path = b9191d_51bc889ecc68b9447f90a1938b7a5685.png_srz_p_589_105_75_22_0.50_1.20_0.png; sourceTree = "<group>"; };
		420DDAD91A8AC175008A33D5 /* Contents.json */ = {isa = PBXFileReference; fileEncoding = 4; lastKnownFileType = text.json; path = Contents.json; sourceTree = "<group>"; };
		427FB4E91A85113700C8F54F /* FederalTapHouse2.app */ = {isa = PBXFileReference; explicitFileType = wrapper.application; includeInIndex = 0; path = FederalTapHouse2.app; sourceTree = BUILT_PRODUCTS_DIR; };
		427FB4ED1A85113700C8F54F /* Info.plist */ = {isa = PBXFileReference; lastKnownFileType = text.plist.xml; path = Info.plist; sourceTree = "<group>"; };
		427FB4EE1A85113700C8F54F /* main.m */ = {isa = PBXFileReference; lastKnownFileType = sourcecode.c.objc; path = main.m; sourceTree = "<group>"; };
		427FB4F01A85113700C8F54F /* AppDelegate.h */ = {isa = PBXFileReference; lastKnownFileType = sourcecode.c.h; path = AppDelegate.h; sourceTree = "<group>"; };
		427FB4F11A85113700C8F54F /* AppDelegate.m */ = {isa = PBXFileReference; lastKnownFileType = sourcecode.c.objc; path = AppDelegate.m; sourceTree = "<group>"; };
		427FB4F71A85113700C8F54F /* Base */ = {isa = PBXFileReference; lastKnownFileType = file.storyboard; name = Base; path = Base.lproj/Main.storyboard; sourceTree = "<group>"; };
		427FB4F91A85113700C8F54F /* Images.xcassets */ = {isa = PBXFileReference; lastKnownFileType = folder.assetcatalog; path = Images.xcassets; sourceTree = "<group>"; };
		427FB4FC1A85113700C8F54F /* Base */ = {isa = PBXFileReference; lastKnownFileType = file.xib; name = Base; path = Base.lproj/LaunchScreen.xib; sourceTree = "<group>"; };
		427FB5021A85113700C8F54F /* FederalTapHouse2Tests.xctest */ = {isa = PBXFileReference; explicitFileType = wrapper.cfbundle; includeInIndex = 0; path = FederalTapHouse2Tests.xctest; sourceTree = BUILT_PRODUCTS_DIR; };
		427FB5071A85113700C8F54F /* Info.plist */ = {isa = PBXFileReference; lastKnownFileType = text.plist.xml; path = Info.plist; sourceTree = "<group>"; };
		427FB5081A85113700C8F54F /* FederalTapHouse2Tests.m */ = {isa = PBXFileReference; lastKnownFileType = sourcecode.c.objc; path = FederalTapHouse2Tests.m; sourceTree = "<group>"; };
		428BD5BF1A894ACB0024D5F5 /* FTHLogInViewController.h */ = {isa = PBXFileReference; fileEncoding = 4; lastKnownFileType = sourcecode.c.h; path = FTHLogInViewController.h; sourceTree = "<group>"; };
		428BD5C01A894ACB0024D5F5 /* FTHLogInViewController.m */ = {isa = PBXFileReference; fileEncoding = 4; lastKnownFileType = sourcecode.c.objc; path = FTHLogInViewController.m; sourceTree = "<group>"; };
		42BC2E6A1A88273F00A22376 /* FTHBeerCategoryTableViewController.h */ = {isa = PBXFileReference; fileEncoding = 4; lastKnownFileType = sourcecode.c.h; path = FTHBeerCategoryTableViewController.h; sourceTree = "<group>"; };
		42BC2E6B1A88273F00A22376 /* FTHBeerCategoryTableViewController.m */ = {isa = PBXFileReference; fileEncoding = 4; lastKnownFileType = sourcecode.c.objc; path = FTHBeerCategoryTableViewController.m; sourceTree = "<group>"; };
		42BC2E6C1A88273F00A22376 /* FTHBeerDetailViewController.h */ = {isa = PBXFileReference; fileEncoding = 4; lastKnownFileType = sourcecode.c.h; path = FTHBeerDetailViewController.h; sourceTree = "<group>"; };
		42BC2E6D1A88273F00A22376 /* FTHBeerDetailViewController.m */ = {isa = PBXFileReference; fileEncoding = 4; lastKnownFileType = sourcecode.c.objc; path = FTHBeerDetailViewController.m; sourceTree = "<group>"; };
		42BC2E6E1A88273F00A22376 /* FTHBeerTableViewController.h */ = {isa = PBXFileReference; fileEncoding = 4; lastKnownFileType = sourcecode.c.h; path = FTHBeerTableViewController.h; sourceTree = "<group>"; };
		42BC2E6F1A88273F00A22376 /* FTHBeerTableViewController.m */ = {isa = PBXFileReference; fileEncoding = 4; lastKnownFileType = sourcecode.c.objc; path = FTHBeerTableViewController.m; sourceTree = "<group>"; };
		42BC2E701A88273F00A22376 /* FTHEventsTableViewController.h */ = {isa = PBXFileReference; fileEncoding = 4; lastKnownFileType = sourcecode.c.h; path = FTHEventsTableViewController.h; sourceTree = "<group>"; };
		42BC2E711A88273F00A22376 /* FTHEventsTableViewController.m */ = {isa = PBXFileReference; fileEncoding = 4; lastKnownFileType = sourcecode.c.objc; path = FTHEventsTableViewController.m; sourceTree = "<group>"; };
		42BC2E721A88273F00A22376 /* FTHFindTransportationViewController.h */ = {isa = PBXFileReference; fileEncoding = 4; lastKnownFileType = sourcecode.c.h; path = FTHFindTransportationViewController.h; sourceTree = "<group>"; };
		42BC2E731A88273F00A22376 /* FTHFindTransportationViewController.m */ = {isa = PBXFileReference; fileEncoding = 4; lastKnownFileType = sourcecode.c.objc; path = FTHFindTransportationViewController.m; sourceTree = "<group>"; };
		42BC2E761A88273F00A22376 /* FTHLiveMusicViewController.h */ = {isa = PBXFileReference; fileEncoding = 4; lastKnownFileType = sourcecode.c.h; path = FTHLiveMusicViewController.h; sourceTree = "<group>"; };
		42BC2E771A88273F00A22376 /* FTHLiveMusicViewController.m */ = {isa = PBXFileReference; fileEncoding = 4; lastKnownFileType = sourcecode.c.objc; path = FTHLiveMusicViewController.m; sourceTree = "<group>"; };
		42BC2E781A88273F00A22376 /* FTHOnMapViewController.h */ = {isa = PBXFileReference; fileEncoding = 4; lastKnownFileType = sourcecode.c.h; path = FTHOnMapViewController.h; sourceTree = "<group>"; };
		42BC2E791A88273F00A22376 /* FTHOnMapViewController.m */ = {isa = PBXFileReference; fileEncoding = 4; lastKnownFileType = sourcecode.c.objc; path = FTHOnMapViewController.m; sourceTree = "<group>"; };
		42BC2E7A1A88273F00A22376 /* FTHRedeemViewController.h */ = {isa = PBXFileReference; fileEncoding = 4; lastKnownFileType = sourcecode.c.h; path = FTHRedeemViewController.h; sourceTree = "<group>"; };
		42BC2E7B1A88273F00A22376 /* FTHRedeemViewController.m */ = {isa = PBXFileReference; fileEncoding = 4; lastKnownFileType = sourcecode.c.objc; path = FTHRedeemViewController.m; sourceTree = "<group>"; };
		42BC2E7C1A88273F00A22376 /* FTHRewardTableViewController.h */ = {isa = PBXFileReference; fileEncoding = 4; lastKnownFileType = sourcecode.c.h; path = FTHRewardTableViewController.h; sourceTree = "<group>"; };
		42BC2E7D1A88273F00A22376 /* FTHRewardTableViewController.m */ = {isa = PBXFileReference; fileEncoding = 4; lastKnownFileType = sourcecode.c.objc; path = FTHRewardTableViewController.m; sourceTree = "<group>"; };
		42BC2E941A88277C00A22376 /* WebServiceConnectionModule.h */ = {isa = PBXFileReference; fileEncoding = 4; lastKnownFileType = sourcecode.c.h; path = WebServiceConnectionModule.h; sourceTree = "<group>"; };
		42BC2E951A88277C00A22376 /* WebServiceConnectionModule.m */ = {isa = PBXFileReference; fileEncoding = 4; lastKnownFileType = sourcecode.c.objc; path = WebServiceConnectionModule.m; sourceTree = "<group>"; };
		42BC2E961A88277C00A22376 /* WebServiceXMLBeerParserModule.h */ = {isa = PBXFileReference; fileEncoding = 4; lastKnownFileType = sourcecode.c.h; path = WebServiceXMLBeerParserModule.h; sourceTree = "<group>"; };
		42BC2E971A88277C00A22376 /* WebServiceXMLBeerParserModule.m */ = {isa = PBXFileReference; fileEncoding = 4; lastKnownFileType = sourcecode.c.objc; path = WebServiceXMLBeerParserModule.m; sourceTree = "<group>"; };
		42BC2E991A88277C00A22376 /* BeerDictionary.h */ = {isa = PBXFileReference; fileEncoding = 4; lastKnownFileType = sourcecode.c.h; path = BeerDictionary.h; sourceTree = "<group>"; };
		42BC2E9A1A88277C00A22376 /* BeerDictionary.m */ = {isa = PBXFileReference; fileEncoding = 4; lastKnownFileType = sourcecode.c.objc; path = BeerDictionary.m; sourceTree = "<group>"; };
		42BC2E9B1A88277C00A22376 /* BeerObject.h */ = {isa = PBXFileReference; fileEncoding = 4; lastKnownFileType = sourcecode.c.h; path = BeerObject.h; sourceTree = "<group>"; };
		42BC2E9C1A88277C00A22376 /* BeerObject.m */ = {isa = PBXFileReference; fileEncoding = 4; lastKnownFileType = sourcecode.c.objc; path = BeerObject.m; sourceTree = "<group>"; };
		42BC2E9D1A88277C00A22376 /* EventObject.h */ = {isa = PBXFileReference; fileEncoding = 4; lastKnownFileType = sourcecode.c.h; path = EventObject.h; sourceTree = "<group>"; };
		42BC2E9E1A88277C00A22376 /* EventObject.m */ = {isa = PBXFileReference; fileEncoding = 4; lastKnownFileType = sourcecode.c.objc; path = EventObject.m; sourceTree = "<group>"; };
		42BC2E9F1A88277C00A22376 /* FoodObject.h */ = {isa = PBXFileReference; fileEncoding = 4; lastKnownFileType = sourcecode.c.h; path = FoodObject.h; sourceTree = "<group>"; };
		42BC2EA01A88277C00A22376 /* FoodObject.m */ = {isa = PBXFileReference; fileEncoding = 4; lastKnownFileType = sourcecode.c.objc; path = FoodObject.m; sourceTree = "<group>"; };
		42BC2EA11A88277C00A22376 /* MenuDictionary.h */ = {isa = PBXFileReference; fileEncoding = 4; lastKnownFileType = sourcecode.c.h; path = MenuDictionary.h; sourceTree = "<group>"; };
		42BC2EA21A88277C00A22376 /* MenuDictionary.m */ = {isa = PBXFileReference; fileEncoding = 4; lastKnownFileType = sourcecode.c.objc; path = MenuDictionary.m; sourceTree = "<group>"; };
/* End PBXFileReference section */

/* Begin PBXFrameworksBuildPhase section */
		427FB4E61A85113700C8F54F /* Frameworks */ = {
			isa = PBXFrameworksBuildPhase;
			buildActionMask = 2147483647;
			files = (
			);
			runOnlyForDeploymentPostprocessing = 0;
		};
		427FB4FF1A85113700C8F54F /* Frameworks */ = {
			isa = PBXFrameworksBuildPhase;
			buildActionMask = 2147483647;
			files = (
			);
			runOnlyForDeploymentPostprocessing = 0;
		};
/* End PBXFrameworksBuildPhase section */

/* Begin PBXGroup section */
		420DDACA1A8AC175008A33D5 /* AppIcon.appiconset */ = {
			isa = PBXGroup;
			children = (
				420DDACB1A8AC175008A33D5 /* Contents.json */,
				420DDACC1A8AC175008A33D5 /* Icon-60@2x-1.png */,
				420DDACD1A8AC175008A33D5 /* Icon-60@2x.png */,
			);
			path = AppIcon.appiconset;
			sourceTree = "<group>";
		};
		420DDACE1A8AC175008A33D5 /* back arrow.imageset */ = {
			isa = PBXGroup;
			children = (
				420DDACF1A8AC175008A33D5 /* back arrow.png */,
				420DDAD01A8AC175008A33D5 /* Contents.json */,
			);
			path = "back arrow.imageset";
			sourceTree = "<group>";
		};
		420DDAD11A8AC175008A33D5 /* background.imageset */ = {
			isa = PBXGroup;
			children = (
				420DDAD21A8AC175008A33D5 /* Contents.json */,
				420DDAD31A8AC175008A33D5 /* images.jpg */,
			);
			path = background.imageset;
			sourceTree = "<group>";
		};
		420DDAD41A8AC175008A33D5 /* flame.imageset */ = {
			isa = PBXGroup;
			children = (
				420DDAD51A8AC175008A33D5 /* b9191d_26a29a19eb3809aac36b65fd84cc6545.png_srz_p_126_275_75_22_0.50_1.20_0.png */,
				420DDAD61A8AC175008A33D5 /* Contents.json */,
			);
			path = flame.imageset;
			sourceTree = "<group>";
		};
		420DDAD71A8AC175008A33D5 /* logo.imageset */ = {
			isa = PBXGroup;
			children = (
				420DDAD81A8AC175008A33D5 /* b9191d_51bc889ecc68b9447f90a1938b7a5685.png_srz_p_589_105_75_22_0.50_1.20_0.png */,
				420DDAD91A8AC175008A33D5 /* Contents.json */,
			);
			path = logo.imageset;
			sourceTree = "<group>";
		};
		427FB4E01A85113700C8F54F = {
			isa = PBXGroup;
			children = (
				427FB4EB1A85113700C8F54F /* FederalTapHouse2 */,
				427FB5051A85113700C8F54F /* FederalTapHouse2Tests */,
				427FB4EA1A85113700C8F54F /* Products */,
			);
			sourceTree = "<group>";
		};
		427FB4EA1A85113700C8F54F /* Products */ = {
			isa = PBXGroup;
			children = (
				427FB4E91A85113700C8F54F /* FederalTapHouse2.app */,
				427FB5021A85113700C8F54F /* FederalTapHouse2Tests.xctest */,
			);
			name = Products;
			sourceTree = "<group>";
		};
		427FB4EB1A85113700C8F54F /* FederalTapHouse2 */ = {
			isa = PBXGroup;
			children = (
				427FB4F01A85113700C8F54F /* AppDelegate.h */,
				427FB4F11A85113700C8F54F /* AppDelegate.m */,
				427FB4F61A85113700C8F54F /* Main.storyboard */,
				42BC2E671A88273F00A22376 /* ViewControllers */,
				42BC2E891A88277C00A22376 /* ControlModules */,
				42BC2E981A88277C00A22376 /* ObjectModels */,
				427FB4F91A85113700C8F54F /* Images.xcassets */,
				427FB4FB1A85113700C8F54F /* LaunchScreen.xib */,
				427FB4EC1A85113700C8F54F /* Supporting Files */,
			);
			path = FederalTapHouse2;
			sourceTree = "<group>";
		};
		427FB4EC1A85113700C8F54F /* Supporting Files */ = {
			isa = PBXGroup;
			children = (
				427FB4EE1A85113700C8F54F /* main.m */,
				427FB4ED1A85113700C8F54F /* Info.plist */,
			);
			name = "Supporting Files";
			sourceTree = "<group>";
		};
		427FB5051A85113700C8F54F /* FederalTapHouse2Tests */ = {
			isa = PBXGroup;
			children = (
				427FB5081A85113700C8F54F /* FederalTapHouse2Tests.m */,
				427FB5061A85113700C8F54F /* Supporting Files */,
			);
			path = FederalTapHouse2Tests;
			sourceTree = "<group>";
		};
		427FB5061A85113700C8F54F /* Supporting Files */ = {
			isa = PBXGroup;
			children = (
				420DDACA1A8AC175008A33D5 /* AppIcon.appiconset */,
				420DDACE1A8AC175008A33D5 /* back arrow.imageset */,
				420DDAD11A8AC175008A33D5 /* background.imageset */,
				420DDAD41A8AC175008A33D5 /* flame.imageset */,
				420DDAD71A8AC175008A33D5 /* logo.imageset */,
				427FB5071A85113700C8F54F /* Info.plist */,
			);
			name = "Supporting Files";
			sourceTree = "<group>";
		};
		42BC2E671A88273F00A22376 /* ViewControllers */ = {
			isa = PBXGroup;
			children = (
				42BC2E6A1A88273F00A22376 /* FTHBeerCategoryTableViewController.h */,
				42BC2E6B1A88273F00A22376 /* FTHBeerCategoryTableViewController.m */,
				42BC2E6C1A88273F00A22376 /* FTHBeerDetailViewController.h */,
				42BC2E6D1A88273F00A22376 /* FTHBeerDetailViewController.m */,
				42BC2E6E1A88273F00A22376 /* FTHBeerTableViewController.h */,
				42BC2E6F1A88273F00A22376 /* FTHBeerTableViewController.m */,
				42BC2E701A88273F00A22376 /* FTHEventsTableViewController.h */,
				42BC2E711A88273F00A22376 /* FTHEventsTableViewController.m */,
				42BC2E721A88273F00A22376 /* FTHFindTransportationViewController.h */,
				42BC2E731A88273F00A22376 /* FTHFindTransportationViewController.m */,
				42021DD81A8BD509004CBE5C /* FTHFoodMenuTableViewController.h */,
				42021DD91A8BD509004CBE5C /* FTHFoodMenuTableViewController.m */,
				42021DDB1A8BD524004CBE5C /* FTHFoodDetailViewController.h */,
				42021DDC1A8BD524004CBE5C /* FTHFoodDetailViewController.m */,
				42BC2E761A88273F00A22376 /* FTHLiveMusicViewController.h */,
				42BC2E771A88273F00A22376 /* FTHLiveMusicViewController.m */,
				428BD5BF1A894ACB0024D5F5 /* FTHLogInViewController.h */,
				428BD5C01A894ACB0024D5F5 /* FTHLogInViewController.m */,
				42BC2E781A88273F00A22376 /* FTHOnMapViewController.h */,
				42BC2E791A88273F00A22376 /* FTHOnMapViewController.m */,
				42BC2E7A1A88273F00A22376 /* FTHRedeemViewController.h */,
				42BC2E7B1A88273F00A22376 /* FTHRedeemViewController.m */,
				42BC2E7C1A88273F00A22376 /* FTHRewardTableViewController.h */,
				42BC2E7D1A88273F00A22376 /* FTHRewardTableViewController.m */,
			);
			path = ViewControllers;
			sourceTree = "<group>";
		};
		42BC2E891A88277C00A22376 /* ControlModules */ = {
			isa = PBXGroup;
			children = (
				42BC2E941A88277C00A22376 /* WebServiceConnectionModule.h */,
				42BC2E951A88277C00A22376 /* WebServiceConnectionModule.m */,
				42BC2E961A88277C00A22376 /* WebServiceXMLBeerParserModule.h */,
				42BC2E971A88277C00A22376 /* WebServiceXMLBeerParserModule.m */,
				305CAFE61A8A6AB200378306 /* WebServiceXMLLoginParserModule.h */,
				305CAFE71A8A6AB200378306 /* WebServiceXMLLoginParserModule.m */,
			);
			path = ControlModules;
			sourceTree = "<group>";
		};
		42BC2E981A88277C00A22376 /* ObjectModels */ = {
			isa = PBXGroup;
			children = (
				42021DD51A8BBFBF004CBE5C /* Annotation.h */,
				42021DD61A8BBFBF004CBE5C /* Annotation.m */,
				42BC2E991A88277C00A22376 /* BeerDictionary.h */,
				42BC2E9A1A88277C00A22376 /* BeerDictionary.m */,
				42BC2E9B1A88277C00A22376 /* BeerObject.h */,
				42BC2E9C1A88277C00A22376 /* BeerObject.m */,
				42BC2E9D1A88277C00A22376 /* EventObject.h */,
				42BC2E9E1A88277C00A22376 /* EventObject.m */,
				42BC2E9F1A88277C00A22376 /* FoodObject.h */,
				42BC2EA01A88277C00A22376 /* FoodObject.m */,
				42BC2EA11A88277C00A22376 /* MenuDictionary.h */,
				42BC2EA21A88277C00A22376 /* MenuDictionary.m */,
			);
			path = ObjectModels;
			sourceTree = "<group>";
		};
/* End PBXGroup section */

/* Begin PBXNativeTarget section */
		427FB4E81A85113700C8F54F /* FederalTapHouse2 */ = {
			isa = PBXNativeTarget;
			buildConfigurationList = 427FB50C1A85113700C8F54F /* Build configuration list for PBXNativeTarget "FederalTapHouse2" */;
			buildPhases = (
				427FB4E51A85113700C8F54F /* Sources */,
				427FB4E61A85113700C8F54F /* Frameworks */,
				427FB4E71A85113700C8F54F /* Resources */,
			);
			buildRules = (
			);
			dependencies = (
			);
			name = FederalTapHouse2;
			productName = FederalTapHouse2;
			productReference = 427FB4E91A85113700C8F54F /* FederalTapHouse2.app */;
			productType = "com.apple.product-type.application";
		};
		427FB5011A85113700C8F54F /* FederalTapHouse2Tests */ = {
			isa = PBXNativeTarget;
			buildConfigurationList = 427FB50F1A85113700C8F54F /* Build configuration list for PBXNativeTarget "FederalTapHouse2Tests" */;
			buildPhases = (
				427FB4FE1A85113700C8F54F /* Sources */,
				427FB4FF1A85113700C8F54F /* Frameworks */,
				427FB5001A85113700C8F54F /* Resources */,
			);
			buildRules = (
			);
			dependencies = (
				427FB5041A85113700C8F54F /* PBXTargetDependency */,
			);
			name = FederalTapHouse2Tests;
			productName = FederalTapHouse2Tests;
			productReference = 427FB5021A85113700C8F54F /* FederalTapHouse2Tests.xctest */;
			productType = "com.apple.product-type.bundle.unit-test";
		};
/* End PBXNativeTarget section */

/* Begin PBXProject section */
		427FB4E11A85113700C8F54F /* Project object */ = {
			isa = PBXProject;
			attributes = {
				LastUpgradeCheck = 0610;
				ORGANIZATIONNAME = "Software Merchant";
				TargetAttributes = {
					427FB4E81A85113700C8F54F = {
						CreatedOnToolsVersion = 6.1.1;
						DevelopmentTeam = 27VHD5Y3B8;
					};
					427FB5011A85113700C8F54F = {
						CreatedOnToolsVersion = 6.1.1;
						DevelopmentTeam = 27VHD5Y3B8;
						TestTargetID = 427FB4E81A85113700C8F54F;
					};
				};
			};
			buildConfigurationList = 427FB4E41A85113700C8F54F /* Build configuration list for PBXProject "FederalTapHouse2" */;
			compatibilityVersion = "Xcode 3.2";
			developmentRegion = English;
			hasScannedForEncodings = 0;
			knownRegions = (
				en,
				Base,
			);
			mainGroup = 427FB4E01A85113700C8F54F;
			productRefGroup = 427FB4EA1A85113700C8F54F /* Products */;
			projectDirPath = "";
			projectRoot = "";
			targets = (
				427FB4E81A85113700C8F54F /* FederalTapHouse2 */,
				427FB5011A85113700C8F54F /* FederalTapHouse2Tests */,
			);
		};
/* End PBXProject section */

/* Begin PBXResourcesBuildPhase section */
		427FB4E71A85113700C8F54F /* Resources */ = {
			isa = PBXResourcesBuildPhase;
			buildActionMask = 2147483647;
			files = (
				427FB4F81A85113700C8F54F /* Main.storyboard in Resources */,
				427FB4FD1A85113700C8F54F /* LaunchScreen.xib in Resources */,
				427FB4FA1A85113700C8F54F /* Images.xcassets in Resources */,
			);
			runOnlyForDeploymentPostprocessing = 0;
		};
		427FB5001A85113700C8F54F /* Resources */ = {
			isa = PBXResourcesBuildPhase;
			buildActionMask = 2147483647;
			files = (
			);
			runOnlyForDeploymentPostprocessing = 0;
		};
/* End PBXResourcesBuildPhase section */

/* Begin PBXSourcesBuildPhase section */
		427FB4E51A85113700C8F54F /* Sources */ = {
			isa = PBXSourcesBuildPhase;
			buildActionMask = 2147483647;
			files = (
				42BC2E811A88273F00A22376 /* FTHBeerTableViewController.m in Sources */,
				42BC2EAE1A88277C00A22376 /* MenuDictionary.m in Sources */,
				42BC2E881A88273F00A22376 /* FTHRewardTableViewController.m in Sources */,
				42BC2E7F1A88273F00A22376 /* FTHBeerCategoryTableViewController.m in Sources */,
				42021DD71A8BBFBF004CBE5C /* Annotation.m in Sources */,
				42BC2EAC1A88277C00A22376 /* EventObject.m in Sources */,
				42021DDA1A8BD509004CBE5C /* FTHFoodMenuTableViewController.m in Sources */,
				42BC2E861A88273F00A22376 /* FTHOnMapViewController.m in Sources */,
				42BC2EA91A88277C00A22376 /* WebServiceXMLBeerParserModule.m in Sources */,
				42BC2EAA1A88277C00A22376 /* BeerDictionary.m in Sources */,
				42021DDD1A8BD524004CBE5C /* FTHFoodDetailViewController.m in Sources */,
				42BC2EA81A88277C00A22376 /* WebServiceConnectionModule.m in Sources */,
				42BC2E801A88273F00A22376 /* FTHBeerDetailViewController.m in Sources */,
				42BC2E821A88273F00A22376 /* FTHEventsTableViewController.m in Sources */,
				427FB4F21A85113700C8F54F /* AppDelegate.m in Sources */,
				42BC2E871A88273F00A22376 /* FTHRedeemViewController.m in Sources */,
				42BC2EAD1A88277C00A22376 /* FoodObject.m in Sources */,
				42BC2E831A88273F00A22376 /* FTHFindTransportationViewController.m in Sources */,
				42BC2EAB1A88277C00A22376 /* BeerObject.m in Sources */,
				427FB4EF1A85113700C8F54F /* main.m in Sources */,
				42BC2E851A88273F00A22376 /* FTHLiveMusicViewController.m in Sources */,
				305CAFE81A8A6AB200378306 /* WebServiceXMLLoginParserModule.m in Sources */,
				428BD5C11A894ACB0024D5F5 /* FTHLogInViewController.m in Sources */,
			);
			runOnlyForDeploymentPostprocessing = 0;
		};
		427FB4FE1A85113700C8F54F /* Sources */ = {
			isa = PBXSourcesBuildPhase;
			buildActionMask = 2147483647;
			files = (
				427FB5091A85113700C8F54F /* FederalTapHouse2Tests.m in Sources */,
			);
			runOnlyForDeploymentPostprocessing = 0;
		};
/* End PBXSourcesBuildPhase section */

/* Begin PBXTargetDependency section */
		427FB5041A85113700C8F54F /* PBXTargetDependency */ = {
			isa = PBXTargetDependency;
			target = 427FB4E81A85113700C8F54F /* FederalTapHouse2 */;
			targetProxy = 427FB5031A85113700C8F54F /* PBXContainerItemProxy */;
		};
/* End PBXTargetDependency section */

/* Begin PBXVariantGroup section */
		427FB4F61A85113700C8F54F /* Main.storyboard */ = {
			isa = PBXVariantGroup;
			children = (
				427FB4F71A85113700C8F54F /* Base */,
			);
			name = Main.storyboard;
			sourceTree = "<group>";
		};
		427FB4FB1A85113700C8F54F /* LaunchScreen.xib */ = {
			isa = PBXVariantGroup;
			children = (
				427FB4FC1A85113700C8F54F /* Base */,
			);
			name = LaunchScreen.xib;
			sourceTree = "<group>";
		};
/* End PBXVariantGroup section */

/* Begin XCBuildConfiguration section */
		427FB50A1A85113700C8F54F /* Debug */ = {
			isa = XCBuildConfiguration;
			buildSettings = {
				ALWAYS_SEARCH_USER_PATHS = NO;
				CLANG_CXX_LANGUAGE_STANDARD = "gnu++0x";
				CLANG_CXX_LIBRARY = "libc++";
				CLANG_ENABLE_MODULES = YES;
				CLANG_ENABLE_OBJC_ARC = YES;
				CLANG_WARN_BOOL_CONVERSION = YES;
				CLANG_WARN_CONSTANT_CONVERSION = YES;
				CLANG_WARN_DIRECT_OBJC_ISA_USAGE = YES_ERROR;
				CLANG_WARN_EMPTY_BODY = YES;
				CLANG_WARN_ENUM_CONVERSION = YES;
				CLANG_WARN_INT_CONVERSION = YES;
				CLANG_WARN_OBJC_ROOT_CLASS = YES_ERROR;
				CLANG_WARN_UNREACHABLE_CODE = YES;
				CLANG_WARN__DUPLICATE_METHOD_MATCH = YES;
				CODE_SIGN_IDENTITY = "iPhone Developer: Merritt Tidwell (P2D876P6GN)";
				"CODE_SIGN_IDENTITY[sdk=iphoneos*]" = "iPhone Developer";
				COPY_PHASE_STRIP = NO;
				ENABLE_STRICT_OBJC_MSGSEND = YES;
				GCC_C_LANGUAGE_STANDARD = gnu99;
				GCC_DYNAMIC_NO_PIC = NO;
				GCC_OPTIMIZATION_LEVEL = 0;
				GCC_PREPROCESSOR_DEFINITIONS = (
					"DEBUG=1",
					"$(inherited)",
				);
				GCC_SYMBOLS_PRIVATE_EXTERN = NO;
				GCC_WARN_64_TO_32_BIT_CONVERSION = YES;
				GCC_WARN_ABOUT_RETURN_TYPE = YES_ERROR;
				GCC_WARN_UNDECLARED_SELECTOR = YES;
				GCC_WARN_UNINITIALIZED_AUTOS = YES_AGGRESSIVE;
				GCC_WARN_UNUSED_FUNCTION = YES;
				GCC_WARN_UNUSED_VARIABLE = YES;
				IPHONEOS_DEPLOYMENT_TARGET = 8.2;
				MTL_ENABLE_DEBUG_INFO = YES;
				ONLY_ACTIVE_ARCH = YES;
				SDKROOT = iphoneos;
				TARGETED_DEVICE_FAMILY = "1,2";
			};
			name = Debug;
		};
		427FB50B1A85113700C8F54F /* Release */ = {
			isa = XCBuildConfiguration;
			buildSettings = {
				ALWAYS_SEARCH_USER_PATHS = NO;
				CLANG_CXX_LANGUAGE_STANDARD = "gnu++0x";
				CLANG_CXX_LIBRARY = "libc++";
				CLANG_ENABLE_MODULES = YES;
				CLANG_ENABLE_OBJC_ARC = YES;
				CLANG_WARN_BOOL_CONVERSION = YES;
				CLANG_WARN_CONSTANT_CONVERSION = YES;
				CLANG_WARN_DIRECT_OBJC_ISA_USAGE = YES_ERROR;
				CLANG_WARN_EMPTY_BODY = YES;
				CLANG_WARN_ENUM_CONVERSION = YES;
				CLANG_WARN_INT_CONVERSION = YES;
				CLANG_WARN_OBJC_ROOT_CLASS = YES_ERROR;
				CLANG_WARN_UNREACHABLE_CODE = YES;
				CLANG_WARN__DUPLICATE_METHOD_MATCH = YES;
				CODE_SIGN_IDENTITY = "iPhone Developer: Merritt Tidwell (P2D876P6GN)";
				"CODE_SIGN_IDENTITY[sdk=iphoneos*]" = "iPhone Developer";
				COPY_PHASE_STRIP = YES;
				ENABLE_NS_ASSERTIONS = NO;
				ENABLE_STRICT_OBJC_MSGSEND = YES;
				GCC_C_LANGUAGE_STANDARD = gnu99;
				GCC_WARN_64_TO_32_BIT_CONVERSION = YES;
				GCC_WARN_ABOUT_RETURN_TYPE = YES_ERROR;
				GCC_WARN_UNDECLARED_SELECTOR = YES;
				GCC_WARN_UNINITIALIZED_AUTOS = YES_AGGRESSIVE;
				GCC_WARN_UNUSED_FUNCTION = YES;
				GCC_WARN_UNUSED_VARIABLE = YES;
				IPHONEOS_DEPLOYMENT_TARGET = 8.2;
				MTL_ENABLE_DEBUG_INFO = NO;
				SDKROOT = iphoneos;
				TARGETED_DEVICE_FAMILY = "1,2";
				VALIDATE_PRODUCT = YES;
			};
			name = Release;
		};
		427FB50D1A85113700C8F54F /* Debug */ = {
			isa = XCBuildConfiguration;
			buildSettings = {
				ASSETCATALOG_COMPILER_APPICON_NAME = AppIcon_with_watermark;
				INFOPLIST_FILE = FederalTapHouse2/Info.plist;
				IPHONEOS_DEPLOYMENT_TARGET = 8.1;
				LD_RUNPATH_SEARCH_PATHS = "$(inherited) @executable_path/Frameworks";
				PRODUCT_NAME = "$(TARGET_NAME)";
				TARGETED_DEVICE_FAMILY = 1;
			};
			name = Debug;
		};
		427FB50E1A85113700C8F54F /* Release */ = {
			isa = XCBuildConfiguration;
			buildSettings = {
				ASSETCATALOG_COMPILER_APPICON_NAME = AppIcon_with_watermark;
				INFOPLIST_FILE = FederalTapHouse2/Info.plist;
				IPHONEOS_DEPLOYMENT_TARGET = 8.1;
				LD_RUNPATH_SEARCH_PATHS = "$(inherited) @executable_path/Frameworks";
				PRODUCT_NAME = "$(TARGET_NAME)";
				TARGETED_DEVICE_FAMILY = 1;
			};
			name = Release;
		};
		427FB5101A85113700C8F54F /* Debug */ = {
			isa = XCBuildConfiguration;
			buildSettings = {
				BUNDLE_LOADER = "$(TEST_HOST)";
				FRAMEWORK_SEARCH_PATHS = (
					"$(SDKROOT)/Developer/Library/Frameworks",
					"$(inherited)",
				);
				GCC_PREPROCESSOR_DEFINITIONS = (
					"DEBUG=1",
					"$(inherited)",
				);
				INFOPLIST_FILE = FederalTapHouse2Tests/Info.plist;
				LD_RUNPATH_SEARCH_PATHS = "$(inherited) @executable_path/Frameworks @loader_path/Frameworks";
				PRODUCT_NAME = "$(TARGET_NAME)";
				TEST_HOST = "$(BUILT_PRODUCTS_DIR)/FederalTapHouse2.app/FederalTapHouse2";
			};
			name = Debug;
		};
		427FB5111A85113700C8F54F /* Release */ = {
			isa = XCBuildConfiguration;
			buildSettings = {
				BUNDLE_LOADER = "$(TEST_HOST)";
				FRAMEWORK_SEARCH_PATHS = (
					"$(SDKROOT)/Developer/Library/Frameworks",
					"$(inherited)",
				);
				INFOPLIST_FILE = FederalTapHouse2Tests/Info.plist;
				LD_RUNPATH_SEARCH_PATHS = "$(inherited) @executable_path/Frameworks @loader_path/Frameworks";
				PRODUCT_NAME = "$(TARGET_NAME)";
				TEST_HOST = "$(BUILT_PRODUCTS_DIR)/FederalTapHouse2.app/FederalTapHouse2";
			};
			name = Release;
		};
/* End XCBuildConfiguration section */

/* Begin XCConfigurationList section */
		427FB4E41A85113700C8F54F /* Build configuration list for PBXProject "FederalTapHouse2" */ = {
			isa = XCConfigurationList;
			buildConfigurations = (
				427FB50A1A85113700C8F54F /* Debug */,
				427FB50B1A85113700C8F54F /* Release */,
			);
			defaultConfigurationIsVisible = 0;
			defaultConfigurationName = Release;
		};
		427FB50C1A85113700C8F54F /* Build configuration list for PBXNativeTarget "FederalTapHouse2" */ = {
			isa = XCConfigurationList;
			buildConfigurations = (
				427FB50D1A85113700C8F54F /* Debug */,
				427FB50E1A85113700C8F54F /* Release */,
			);
			defaultConfigurationIsVisible = 0;
			defaultConfigurationName = Release;
		};
		427FB50F1A85113700C8F54F /* Build configuration list for PBXNativeTarget "FederalTapHouse2Tests" */ = {
			isa = XCConfigurationList;
			buildConfigurations = (
				427FB5101A85113700C8F54F /* Debug */,
				427FB5111A85113700C8F54F /* Release */,
			);
			defaultConfigurationIsVisible = 0;
			defaultConfigurationName = Release;
		};
/* End XCConfigurationList section */
	};
	rootObject = 427FB4E11A85113700C8F54F /* Project object */;
}
